
Microsoft Visual Studio Solution File, Format Version 12.00
# Visual Studio Version 16
VisualStudioVersion = 16.0.31112.23
MinimumVisualStudioVersion = 10.0.40219.1
Project("{9A19103F-16F7-4668-BE54-9A1E7A4F7556}") = "ProyectoGRE.Aplicacion", "ProyectoGRE.Aplicacion.csproj", "{04177FDB-2FD3-426E-9B39-B75D96A6EB99}"
EndProject
Project("{9A19103F-16F7-4668-BE54-9A1E7A4F7556}") = "ProyectoGRE.DAO", "..\ProyectoGRE.DAO\ProyectoGRE.DAO.csproj", "{DB0A937E-4DDF-475C-8B3B-870FD2895A60}"
EndProject
Project("{9A19103F-16F7-4668-BE54-9A1E7A4F7556}") = "ProyectoGRE.DTO", "..\ProyectoGRE.DTO\ProyectoGRE.DTO.csproj", "{2D8D08CD-F9F5-433D-B12D-06B2C27364CE}"
EndProject
Project("{9A19103F-16F7-4668-BE54-9A1E7A4F7556}") = "ProyectoGRE.Controladora", "..\ProyectoGRE.Controladora\ProyectoGRE.Controladora.csproj", "{42D67C55-C9F3-41DB-9919-7F5B3E44298E}"
EndProject
Project("{9A19103F-16F7-4668-BE54-9A1E7A4F7556}") = "ProyectoGRE.Utilitarios", "..\ProyectoGRE.Utilitarios\ProyectoGRE.Utilitarios.csproj", "{23032D3D-1289-4604-8582-F9086736236A}"
EndProject
Global
	GlobalSection(SolutionConfigurationPlatforms) = preSolution
		Debug|Any CPU = Debug|Any CPU
		Release|Any CPU = Release|Any CPU
	EndGlobalSection
	GlobalSection(ProjectConfigurationPlatforms) = postSolution
		{04177FDB-2FD3-426E-9B39-B75D96A6EB99}.Debug|Any CPU.ActiveCfg = Debug|Any CPU
		{04177FDB-2FD3-426E-9B39-B75D96A6EB99}.Debug|Any CPU.Build.0 = Debug|Any CPU
		{04177FDB-2FD3-426E-9B39-B75D96A6EB99}.Release|Any CPU.ActiveCfg = Release|Any CPU
		{04177FDB-2FD3-426E-9B39-B75D96A6EB99}.Release|Any CPU.Build.0 = Release|Any CPU
		{DB0A937E-4DDF-475C-8B3B-870FD2895A60}.Debug|Any CPU.ActiveCfg = Debug|Any CPU
		{DB0A937E-4DDF-475C-8B3B-870FD2895A60}.Debug|Any CPU.Build.0 = Debug|Any CPU
		{DB0A937E-4DDF-475C-8B3B-870FD2895A60}.Release|Any CPU.ActiveCfg = Release|Any CPU
		{DB0A937E-4DDF-475C-8B3B-870FD2895A60}.Release|Any CPU.Build.0 = Release|Any CPU
		{2D8D08CD-F9F5-433D-B12D-06B2C27364CE}.Debug|Any CPU.ActiveCfg = Debug|Any CPU
		{2D8D08CD-F9F5-433D-B12D-06B2C27364CE}.Debug|Any CPU.Build.0 = Debug|Any CPU
		{2D8D08CD-F9F5-433D-B12D-06B2C27364CE}.Release|Any CPU.ActiveCfg = Release|Any CPU
		{2D8D08CD-F9F5-433D-B12D-06B2C27364CE}.Release|Any CPU.Build.0 = Release|Any CPU
		{42D67C55-C9F3-41DB-9919-7F5B3E44298E}.Debug|Any CPU.ActiveCfg = Debug|Any CPU
		{42D67C55-C9F3-41DB-9919-7F5B3E44298E}.Debug|Any CPU.Build.0 = Debug|Any CPU
		{42D67C55-C9F3-41DB-9919-7F5B3E44298E}.Release|Any CPU.ActiveCfg = Release|Any CPU
		{42D67C55-C9F3-41DB-9919-7F5B3E44298E}.Release|Any CPU.Build.0 = Release|Any CPU
		{23032D3D-1289-4604-8582-F9086736236A}.Debug|Any CPU.ActiveCfg = Debug|Any CPU
		{23032D3D-1289-4604-8582-F9086736236A}.Debug|Any CPU.Build.0 = Debug|Any CPU
		{23032D3D-1289-4604-8582-F9086736236A}.Release|Any CPU.ActiveCfg = Release|Any CPU
		{23032D3D-1289-4604-8582-F9086736236A}.Release|Any CPU.Build.0 = Release|Any CPU
	EndGlobalSection
	GlobalSection(SolutionProperties) = preSolution
		HideSolutionNode = FALSE
	EndGlobalSection
	GlobalSection(ExtensibilityGlobals) = postSolution
		SolutionGuid = {96531A9E-086F-466F-973D-EADCFA69E71E}
	EndGlobalSection
EndGlobal
